{
    "_meta": {
        "hash": {
            "sha256": "3aa347567b7adb38e364f3e24569fa44e8c635188bc82c4a058d5f768034acf7"
        },
        "pipfile-spec": 6,
        "requires": {},
        "sources": [
            {
                "name": "pypi",
                "url": "https://pypi.org/simple",
                "verify_ssl": true
            }
        ]
    },
    "default": {
        "flockq": {
            "editable": true,
            "file": "."
        }
    },
    "develop": {
        "black": "*",
        "isort": "*",
        "mypy": "*",
        "types-setuptools": "*"
    }
}
