{
    "_meta": {
        "hash": {
            "sha256": "198a124a3d487ed89ce9a375a67696507a3c93b9be0f0a3bc8489161ac32c67f"
        },
        "pipfile-spec": 6,
        "requires": {},
        "sources": [
            {
                "name": "pypi",
                "url": "https://pypi.org/simple",
                "verify_ssl": true
            }
        ]
    },
    "default": {
        "schlange": {
            "editable": true,
            "file": "."
        }
    },
    "develop": {
        "black": "*",
        "isort": "*",
        "mypy": "*",
        "types-setuptools": "*"
    }
}
